
Microsoft Visual Studio Solution File, Format Version 12.00
# Visual Studio 14
VisualStudioVersion = 14.0.23107.0
MinimumVisualStudioVersion = 10.0.40219.1
Project("{8BC9CEB8-8B4A-11D0-8D11-00A0C91BC942}") = "WargameEngine", "WargameEngine\WargameEngine.vcxproj", "{525B45EF-5FB2-495E-8F33-27363E097E50}"
	ProjectSection(ProjectDependencies) = postProject
		{AC364C0B-39CD-45D1-AC21-4A048568CB58} = {AC364C0B-39CD-45D1-AC21-4A048568CB58}
		{CB4CA645-DCF0-4A99-8416-B3F50D0E1781} = {CB4CA645-DCF0-4A99-8416-B3F50D0E1781}
	EndProjectSection
EndProject
Project("{8BC9CEB8-8B4A-11D0-8D11-00A0C91BC942}") = "ExamplePlugin", "ExamplePlugin\ExamplePlugin.vcxproj", "{1DAB2629-E7AA-4068-BBC3-DE6C62148527}"
EndProject
Project("{8BC9CEB8-8B4A-11D0-8D11-00A0C91BC942}") = "LUA", "LUA\LUA.vcxproj", "{CB4CA645-DCF0-4A99-8416-B3F50D0E1781}"
EndProject
Project("{8BC9CEB8-8B4A-11D0-8D11-00A0C91BC942}") = "MathLib", "MathLib\MathLib.vcxproj", "{AC364C0B-39CD-45D1-AC21-4A048568CB58}"
EndProject
Project("{8BC9CEB8-8B4A-11D0-8D11-00A0C91BC942}") = "freetype", "..\freetype-2.6\builds\windows\vc2010\freetype.vcxproj", "{78B079BD-9FC7-4B9E-B4A6-96DA0F00248B}"
EndProject
Global
	GlobalSection(SolutionConfigurationPlatforms) = preSolution
		Debug|Win32 = Debug|Win32
		Debug|x64 = Debug|x64
		Release|Win32 = Release|Win32
		Release|x64 = Release|x64
		Release-XP|Win32 = Release-XP|Win32
		Release-XP|x64 = Release-XP|x64
	EndGlobalSection
	GlobalSection(ProjectConfigurationPlatforms) = postSolution
		{525B45EF-5FB2-495E-8F33-27363E097E50}.Debug|Win32.ActiveCfg = Debug|Win32
		{525B45EF-5FB2-495E-8F33-27363E097E50}.Debug|Win32.Build.0 = Debug|Win32
		{525B45EF-5FB2-495E-8F33-27363E097E50}.Debug|x64.ActiveCfg = Debug|Win32
		{525B45EF-5FB2-495E-8F33-27363E097E50}.Release|Win32.ActiveCfg = Release|Win32
		{525B45EF-5FB2-495E-8F33-27363E097E50}.Release|Win32.Build.0 = Release|Win32
		{525B45EF-5FB2-495E-8F33-27363E097E50}.Release|x64.ActiveCfg = Release|Win32
		{525B45EF-5FB2-495E-8F33-27363E097E50}.Release-XP|Win32.ActiveCfg = Release-XP|Win32
		{525B45EF-5FB2-495E-8F33-27363E097E50}.Release-XP|Win32.Build.0 = Release-XP|Win32
		{525B45EF-5FB2-495E-8F33-27363E097E50}.Release-XP|x64.ActiveCfg = Release-XP|Win32
		{1DAB2629-E7AA-4068-BBC3-DE6C62148527}.Debug|Win32.ActiveCfg = Debug|Win32
		{1DAB2629-E7AA-4068-BBC3-DE6C62148527}.Debug|Win32.Build.0 = Debug|Win32
		{1DAB2629-E7AA-4068-BBC3-DE6C62148527}.Debug|x64.ActiveCfg = Debug|Win32
		{1DAB2629-E7AA-4068-BBC3-DE6C62148527}.Release|Win32.ActiveCfg = Release|Win32
		{1DAB2629-E7AA-4068-BBC3-DE6C62148527}.Release|Win32.Build.0 = Release|Win32
		{1DAB2629-E7AA-4068-BBC3-DE6C62148527}.Release|x64.ActiveCfg = Release|Win32
		{1DAB2629-E7AA-4068-BBC3-DE6C62148527}.Release-XP|Win32.ActiveCfg = Release|Win32
		{1DAB2629-E7AA-4068-BBC3-DE6C62148527}.Release-XP|Win32.Build.0 = Release|Win32
		{1DAB2629-E7AA-4068-BBC3-DE6C62148527}.Release-XP|x64.ActiveCfg = Release|Win32
		{1DAB2629-E7AA-4068-BBC3-DE6C62148527}.Release-XP|x64.Build.0 = Release|Win32
		{CB4CA645-DCF0-4A99-8416-B3F50D0E1781}.Debug|Win32.ActiveCfg = Debug|Win32
		{CB4CA645-DCF0-4A99-8416-B3F50D0E1781}.Debug|Win32.Build.0 = Debug|Win32
		{CB4CA645-DCF0-4A99-8416-B3F50D0E1781}.Debug|x64.ActiveCfg = Debug|Win32
		{CB4CA645-DCF0-4A99-8416-B3F50D0E1781}.Release|Win32.ActiveCfg = Release|Win32
		{CB4CA645-DCF0-4A99-8416-B3F50D0E1781}.Release|Win32.Build.0 = Release|Win32
		{CB4CA645-DCF0-4A99-8416-B3F50D0E1781}.Release|x64.ActiveCfg = Release|Win32
		{CB4CA645-DCF0-4A99-8416-B3F50D0E1781}.Release-XP|Win32.ActiveCfg = Release|Win32
		{CB4CA645-DCF0-4A99-8416-B3F50D0E1781}.Release-XP|Win32.Build.0 = Release|Win32
		{CB4CA645-DCF0-4A99-8416-B3F50D0E1781}.Release-XP|x64.ActiveCfg = Release|Win32
		{CB4CA645-DCF0-4A99-8416-B3F50D0E1781}.Release-XP|x64.Build.0 = Release|Win32
		{AC364C0B-39CD-45D1-AC21-4A048568CB58}.Debug|Win32.ActiveCfg = Debug|Win32
		{AC364C0B-39CD-45D1-AC21-4A048568CB58}.Debug|Win32.Build.0 = Debug|Win32
		{AC364C0B-39CD-45D1-AC21-4A048568CB58}.Debug|x64.ActiveCfg = Debug|Win32
		{AC364C0B-39CD-45D1-AC21-4A048568CB58}.Release|Win32.ActiveCfg = Release|Win32
		{AC364C0B-39CD-45D1-AC21-4A048568CB58}.Release|Win32.Build.0 = Release|Win32
		{AC364C0B-39CD-45D1-AC21-4A048568CB58}.Release|x64.ActiveCfg = Release|Win32
		{AC364C0B-39CD-45D1-AC21-4A048568CB58}.Release-XP|Win32.ActiveCfg = Release|Win32
		{AC364C0B-39CD-45D1-AC21-4A048568CB58}.Release-XP|Win32.Build.0 = Release|Win32
		{AC364C0B-39CD-45D1-AC21-4A048568CB58}.Release-XP|x64.ActiveCfg = Release|Win32
		{AC364C0B-39CD-45D1-AC21-4A048568CB58}.Release-XP|x64.Build.0 = Release|Win32
		{78B079BD-9FC7-4B9E-B4A6-96DA0F00248B}.Debug|Win32.ActiveCfg = Debug|Win32
		{78B079BD-9FC7-4B9E-B4A6-96DA0F00248B}.Debug|Win32.Build.0 = Debug|Win32
		{78B079BD-9FC7-4B9E-B4A6-96DA0F00248B}.Debug|x64.ActiveCfg = Debug|x64
		{78B079BD-9FC7-4B9E-B4A6-96DA0F00248B}.Debug|x64.Build.0 = Debug|x64
		{78B079BD-9FC7-4B9E-B4A6-96DA0F00248B}.Release|Win32.ActiveCfg = Release|Win32
		{78B079BD-9FC7-4B9E-B4A6-96DA0F00248B}.Release|Win32.Build.0 = Release|Win32
		{78B079BD-9FC7-4B9E-B4A6-96DA0F00248B}.Release|x64.ActiveCfg = Release|x64
		{78B079BD-9FC7-4B9E-B4A6-96DA0F00248B}.Release|x64.Build.0 = Release|x64
		{78B079BD-9FC7-4B9E-B4A6-96DA0F00248B}.Release-XP|Win32.ActiveCfg = ReleaseXP|Win32
		{78B079BD-9FC7-4B9E-B4A6-96DA0F00248B}.Release-XP|Win32.Build.0 = ReleaseXP|Win32
		{78B079BD-9FC7-4B9E-B4A6-96DA0F00248B}.Release-XP|x64.ActiveCfg = ReleaseXP|x64
		{78B079BD-9FC7-4B9E-B4A6-96DA0F00248B}.Release-XP|x64.Build.0 = ReleaseXP|x64
	EndGlobalSection
	GlobalSection(SolutionProperties) = preSolution
		HideSolutionNode = FALSE
	EndGlobalSection
EndGlobal
