<?xml version="1.0" encoding="utf-8"?>
<Project ToolsVersion="4.0" xmlns="http://schemas.microsoft.com/developer/msbuild/2003">
  <ItemGroup>
    <Filter Include="Source Files">
      <UniqueIdentifier>{4FC737F1-C7A5-4376-A066-2A32D752A2FF}</UniqueIdentifier>
      <Extensions>cpp;c;cc;cxx;def;odl;idl;hpj;bat;asm;asmx</Extensions>
    </Filter>
    <Filter Include="Header Files">
      <UniqueIdentifier>{93995380-89BD-4b04-88EB-625FBE52EBFB}</UniqueIdentifier>
      <Extensions>h;hpp;hxx;hm;inl;inc;xsd</Extensions>
    </Filter>
    <Filter Include="Resource Files">
      <UniqueIdentifier>{67DA6AB6-F800-4c08-8B7A-83BB121AAD01}</UniqueIdentifier>
      <Extensions>rc;ico;cur;bmp;dlg;rc2;rct;bin;rgs;gif;jpg;jpeg;jpe;resx;tiff;tif;png;wav;mfcribbon-ms</Extensions>
    </Filter>
    <Filter Include="Source Files\UI">
      <UniqueIdentifier>{85f77776-fb0b-4e1a-b9ab-93330f23f37c}</UniqueIdentifier>
    </Filter>
    <Filter Include="Header Files\view">
      <UniqueIdentifier>{cfab82e7-a9e2-415e-8296-446dc3ff7347}</UniqueIdentifier>
    </Filter>
    <Filter Include="Source Files\view">
      <UniqueIdentifier>{0ef7c67f-d75f-417d-b16d-1f3bf064e45c}</UniqueIdentifier>
    </Filter>
    <Filter Include="Header Files\model">
      <UniqueIdentifier>{0948a43f-f393-42e0-bf26-3155fbcd0809}</UniqueIdentifier>
    </Filter>
    <Filter Include="Source Files\model">
      <UniqueIdentifier>{636ee3a0-8baf-4c83-94b5-ae1f908c9261}</UniqueIdentifier>
    </Filter>
    <Filter Include="Header Files\controller">
      <UniqueIdentifier>{7fcd2ea5-c4a3-4bc6-82d0-4ac3c86d605f}</UniqueIdentifier>
    </Filter>
    <Filter Include="Source Files\controller">
      <UniqueIdentifier>{bbfc768f-9356-4e40-bfa4-23e779379293}</UniqueIdentifier>
    </Filter>
    <Filter Include="Header Files\UI">
      <UniqueIdentifier>{8332af67-ba2c-45df-bd31-0c2a8362dafb}</UniqueIdentifier>
    </Filter>
    <Filter Include="Source Files\controller\commands">
      <UniqueIdentifier>{6658bfbb-27ee-465f-a4df-d7c741985eb0}</UniqueIdentifier>
    </Filter>
    <Filter Include="Source Files\controller\luaRegisters">
      <UniqueIdentifier>{8ca9dadd-2879-42df-93e1-a9cc3a9686d7}</UniqueIdentifier>
    </Filter>
    <Filter Include="Header Files\controller\commands">
      <UniqueIdentifier>{cdab68ad-206b-4a7d-bacf-b744a9c880cc}</UniqueIdentifier>
    </Filter>
  </ItemGroup>
  <ItemGroup>
    <ClCompile Include="main.cpp">
      <Filter>Source Files</Filter>
    </ClCompile>
    <ClCompile Include="Ruler.cpp">
      <Filter>Source Files</Filter>
    </ClCompile>
    <ClCompile Include="UI\UIButton.cpp">
      <Filter>Source Files\UI</Filter>
    </ClCompile>
    <ClCompile Include="UI\UIElement.cpp">
      <Filter>Source Files\UI</Filter>
    </ClCompile>
    <ClCompile Include="UI\UIPanel.cpp">
      <Filter>Source Files\UI</Filter>
    </ClCompile>
    <ClCompile Include="UI\UIStaticText.cpp">
      <Filter>Source Files\UI</Filter>
    </ClCompile>
    <ClCompile Include="view\3dModel.cpp">
      <Filter>Source Files\view</Filter>
    </ClCompile>
    <ClCompile Include="view\GameView.cpp">
      <Filter>Source Files\view</Filter>
    </ClCompile>
    <ClCompile Include="view\MaterialManager.cpp">
      <Filter>Source Files\view</Filter>
    </ClCompile>
    <ClCompile Include="view\ModelManager.cpp">
      <Filter>Source Files\view</Filter>
    </ClCompile>
    <ClCompile Include="view\OBJModelFactory.cpp">
      <Filter>Source Files\view</Filter>
    </ClCompile>
    <ClCompile Include="view\SkyBox.cpp">
      <Filter>Source Files\view</Filter>
    </ClCompile>
    <ClCompile Include="view\TextureManager.cpp">
      <Filter>Source Files\view</Filter>
    </ClCompile>
    <ClCompile Include="view\Input.cpp">
      <Filter>Source Files\view</Filter>
    </ClCompile>
    <ClCompile Include="UI\UICheckBox.cpp">
      <Filter>Source Files\UI</Filter>
    </ClCompile>
    <ClCompile Include="UI\UIEdit.cpp">
      <Filter>Source Files\UI</Filter>
    </ClCompile>
    <ClCompile Include="UI\UIText.cpp">
      <Filter>Source Files\UI</Filter>
    </ClCompile>
    <ClCompile Include="UI\UITheme.cpp">
      <Filter>Source Files\UI</Filter>
    </ClCompile>
    <ClCompile Include="view\WBMModelFactory.cpp">
      <Filter>Source Files\view</Filter>
    </ClCompile>
    <ClCompile Include="UI\UIList.cpp">
      <Filter>Source Files\UI</Filter>
    </ClCompile>
    <ClCompile Include="UI\UIComboBox.cpp">
      <Filter>Source Files\UI</Filter>
    </ClCompile>
    <ClCompile Include="view\TextWriter.cpp">
      <Filter>Source Files\view</Filter>
    </ClCompile>
    <ClCompile Include="model\GameModel.cpp">
      <Filter>Source Files\model</Filter>
    </ClCompile>
    <ClCompile Include="model\MovementLimiter.cpp">
      <Filter>Source Files\model</Filter>
    </ClCompile>
    <ClCompile Include="model\ObjectGroup.cpp">
      <Filter>Source Files\model</Filter>
    </ClCompile>
    <ClCompile Include="UI\UIRadioGroup.cpp">
      <Filter>Source Files\UI</Filter>
    </ClCompile>
    <ClCompile Include="LogWriter.cpp">
      <Filter>Source Files</Filter>
    </ClCompile>
    <ClCompile Include="view\ShaderManager.cpp">
      <Filter>Source Files\view</Filter>
    </ClCompile>
    <ClCompile Include="UI\UIScrollBar.cpp">
      <Filter>Source Files\UI</Filter>
    </ClCompile>
    <ClCompile Include="Module.cpp">
      <Filter>Source Files</Filter>
    </ClCompile>
    <ClCompile Include="NetSocket.cpp">
      <Filter>Source Files</Filter>
    </ClCompile>
    <ClCompile Include="ThreadPool.cpp">
      <Filter>Source Files</Filter>
    </ClCompile>
    <ClCompile Include="nv_dds.cpp">
      <Filter>Source Files</Filter>
    </ClCompile>
    <ClCompile Include="OSSpecific.cpp">
      <Filter>Source Files</Filter>
    </ClCompile>
    <ClCompile Include="Network.cpp">
      <Filter>Source Files</Filter>
    </ClCompile>
    <ClCompile Include="view\ColladaModelFactory.cpp">
      <Filter>Source Files\view</Filter>
    </ClCompile>
    <ClCompile Include="tinyxml.cpp">
      <Filter>Source Files</Filter>
    </ClCompile>
    <ClCompile Include="tinyxmlerror.cpp">
      <Filter>Source Files</Filter>
    </ClCompile>
    <ClCompile Include="tinyxmlparser.cpp">
      <Filter>Source Files</Filter>
    </ClCompile>
    <ClCompile Include="view\SelectionTools.cpp">
      <Filter>Source Files\view</Filter>
    </ClCompile>
    <ClCompile Include="controller\GameController.cpp">
      <Filter>Source Files\controller</Filter>
    </ClCompile>
    <ClCompile Include="controller\LUAScriptHandler.cpp">
      <Filter>Source Files\controller</Filter>
    </ClCompile>
    <ClCompile Include="controller\TimedCallback.cpp">
      <Filter>Source Files\controller</Filter>
    </ClCompile>
    <ClCompile Include="model\Object.cpp">
      <Filter>Source Files\model</Filter>
    </ClCompile>
    <ClCompile Include="view\ParticleEffect.cpp">
      <Filter>Source Files\view</Filter>
    </ClCompile>
    <ClCompile Include="view\ParticleModel.cpp">
      <Filter>Source Files\view</Filter>
    </ClCompile>
    <ClCompile Include="view\ParticleSystem.cpp">
      <Filter>Source Files\view</Filter>
    </ClCompile>
    <ClCompile Include="SoundPlayer.cpp">
      <Filter>Source Files</Filter>
    </ClCompile>
    <ClCompile Include="model\Projectile.cpp">
      <Filter>Source Files\model</Filter>
    </ClCompile>
    <ClCompile Include="view\CameraStrategy.cpp">
      <Filter>Source Files\view</Filter>
    </ClCompile>
    <ClCompile Include="model\Landscape.cpp">
      <Filter>Source Files\model</Filter>
    </ClCompile>
    <ClCompile Include="Plugin.cpp">
      <Filter>Source Files</Filter>
    </ClCompile>
    <ClCompile Include="PluginManager.cpp">
      <Filter>Source Files</Filter>
    </ClCompile>
    <ClCompile Include="view\CameraFirstPerson.cpp">
      <Filter>Source Files\view</Filter>
    </ClCompile>
    <ClCompile Include="model\Bounding.cpp">
      <Filter>Source Files\model</Filter>
    </ClCompile>
    <ClCompile Include="view\ParticleTracer.cpp">
      <Filter>Source Files\view</Filter>
    </ClCompile>
    <ClCompile Include="TranslationManager.cpp">
      <Filter>Source Files</Filter>
    </ClCompile>
    <ClCompile Include="controller\CommandChangeGlobalProperty.cpp">
      <Filter>Source Files\controller\commands</Filter>
    </ClCompile>
    <ClCompile Include="controller\CommandChangeProperty.cpp">
      <Filter>Source Files\controller\commands</Filter>
    </ClCompile>
    <ClCompile Include="controller\CommandCompound.cpp">
      <Filter>Source Files\controller\commands</Filter>
    </ClCompile>
    <ClCompile Include="controller\CommandCreateObject.cpp">
      <Filter>Source Files\controller\commands</Filter>
    </ClCompile>
    <ClCompile Include="controller\CommandDeleteObject.cpp">
      <Filter>Source Files\controller\commands</Filter>
    </ClCompile>
    <ClCompile Include="controller\CommandMoveObject.cpp">
      <Filter>Source Files\controller\commands</Filter>
    </ClCompile>
    <ClCompile Include="controller\CommandRotateObject.cpp">
      <Filter>Source Files\controller\commands</Filter>
    </ClCompile>
    <ClCompile Include="controller\LUARegisterFunctions.cpp">
      <Filter>Source Files\controller\luaRegisters</Filter>
    </ClCompile>
    <ClCompile Include="controller\LUARegisterObject.cpp">
      <Filter>Source Files\controller\luaRegisters</Filter>
    </ClCompile>
    <ClCompile Include="controller\LUARegisterUI.cpp">
      <Filter>Source Files\controller\luaRegisters</Filter>
    </ClCompile>
    <ClCompile Include="controller\CommandHandler.cpp">
      <Filter>Source Files\controller</Filter>
    </ClCompile>
  </ItemGroup>
  <ItemGroup>
    <ClInclude Include="Ruler.h">
      <Filter>Header Files</Filter>
    </ClInclude>
    <ClInclude Include="UI\IUI.h">
      <Filter>Header Files\UI</Filter>
    </ClInclude>
    <ClInclude Include="UI\UIButton.h">
      <Filter>Header Files\UI</Filter>
    </ClInclude>
    <ClInclude Include="UI\UIElement.h">
      <Filter>Header Files\UI</Filter>
    </ClInclude>
    <ClInclude Include="UI\UIPanel.h">
      <Filter>Header Files\UI</Filter>
    </ClInclude>
    <ClInclude Include="view\3dModel.h">
      <Filter>Header Files\view</Filter>
    </ClInclude>
    <ClInclude Include="view\GameView.h">
      <Filter>Header Files\view</Filter>
    </ClInclude>
    <ClInclude Include="view\ModelManager.h">
      <Filter>Header Files\view</Filter>
    </ClInclude>
    <ClInclude Include="view\OBJModelFactory.h">
      <Filter>Header Files\view</Filter>
    </ClInclude>
    <ClInclude Include="view\TextureManager.h">
      <Filter>Header Files\view</Filter>
    </ClInclude>
    <ClInclude Include="view\Input.h">
      <Filter>Header Files\view</Filter>
    </ClInclude>
    <ClInclude Include="UI\UICheckBox.h">
      <Filter>Header Files\UI</Filter>
    </ClInclude>
    <ClInclude Include="UI\UIEdit.h">
      <Filter>Header Files\UI</Filter>
    </ClInclude>
    <ClInclude Include="UI\UIText.h">
      <Filter>Header Files\UI</Filter>
    </ClInclude>
    <ClInclude Include="UI\UITheme.h">
      <Filter>Header Files\UI</Filter>
    </ClInclude>
    <ClInclude Include="view\Material.h">
      <Filter>Header Files\view</Filter>
    </ClInclude>
    <ClInclude Include="view\MaterialManager.h">
      <Filter>Header Files\view</Filter>
    </ClInclude>
    <ClInclude Include="view\SkyBox.h">
      <Filter>Header Files\view</Filter>
    </ClInclude>
    <ClInclude Include="UI\UIStaticText.h">
      <Filter>Header Files\UI</Filter>
    </ClInclude>
    <ClInclude Include="UI\UIList.h">
      <Filter>Header Files\UI</Filter>
    </ClInclude>
    <ClInclude Include="UI\UIComboBox.h">
      <Filter>Header Files\UI</Filter>
    </ClInclude>
    <ClInclude Include="UI\UIRadioGroup.h">
      <Filter>Header Files\UI</Filter>
    </ClInclude>
    <ClInclude Include="view\TextWriter.h">
      <Filter>Header Files\view</Filter>
    </ClInclude>
    <ClInclude Include="model\GameModel.h">
      <Filter>Header Files\model</Filter>
    </ClInclude>
    <ClInclude Include="model\MovementLimiter.h">
      <Filter>Header Files\model</Filter>
    </ClInclude>
    <ClInclude Include="model\ObjectGroup.h">
      <Filter>Header Files\model</Filter>
    </ClInclude>
    <ClInclude Include="model\ObjectInterface.h">
      <Filter>Header Files\model</Filter>
    </ClInclude>
    <ClInclude Include="LogWriter.h">
      <Filter>Header Files</Filter>
    </ClInclude>
    <ClInclude Include="view\ShaderManager.h">
      <Filter>Header Files\view</Filter>
    </ClInclude>
    <ClInclude Include="UI\UIScrollBar.h">
      <Filter>Header Files\UI</Filter>
    </ClInclude>
    <ClInclude Include="ThreadPool.h">
      <Filter>Header Files</Filter>
    </ClInclude>
    <ClInclude Include="Module.h">
      <Filter>Header Files</Filter>
    </ClInclude>
    <ClInclude Include="NetSocket.h">
      <Filter>Header Files</Filter>
    </ClInclude>
    <ClInclude Include="nv_dds.h">
      <Filter>Header Files</Filter>
    </ClInclude>
    <ClInclude Include="OSSpecific.h">
      <Filter>Header Files</Filter>
    </ClInclude>
    <ClInclude Include="Network.h">
      <Filter>Header Files</Filter>
    </ClInclude>
    <ClInclude Include="tinyxml.h">
      <Filter>Header Files</Filter>
    </ClInclude>
    <ClInclude Include="view\SelectionTools.h">
      <Filter>Header Files\view</Filter>
    </ClInclude>
    <ClInclude Include="view\Vector2.h">
      <Filter>Header Files\view</Filter>
    </ClInclude>
    <ClInclude Include="view\Vector3.h">
      <Filter>Header Files\view</Filter>
    </ClInclude>
    <ClInclude Include="controller\GameController.h">
      <Filter>Header Files\controller</Filter>
    </ClInclude>
    <ClInclude Include="controller\LUARegisterFunctions.h">
      <Filter>Header Files\controller</Filter>
    </ClInclude>
    <ClInclude Include="controller\LUAScriptHandler.h">
      <Filter>Header Files\controller</Filter>
    </ClInclude>
    <ClInclude Include="controller\TimedCallback.h">
      <Filter>Header Files\controller</Filter>
    </ClInclude>
    <ClInclude Include="model\Object.h">
      <Filter>Header Files\model</Filter>
    </ClInclude>
    <ClInclude Include="view\gl.h">
      <Filter>Header Files\view</Filter>
    </ClInclude>
    <ClInclude Include="view\ParticleEffect.h">
      <Filter>Header Files\view</Filter>
    </ClInclude>
    <ClInclude Include="view\ParticleSystem.h">
      <Filter>Header Files\view</Filter>
    </ClInclude>
    <ClInclude Include="view\ParticleModel.h">
      <Filter>Header Files\view</Filter>
    </ClInclude>
    <ClInclude Include="view\Particle.h">
      <Filter>Header Files\view</Filter>
    </ClInclude>
    <ClInclude Include="SoundPlayer.h">
      <Filter>Header Files</Filter>
    </ClInclude>
    <ClInclude Include="model\ObjectStatic.h">
      <Filter>Header Files\model</Filter>
    </ClInclude>
    <ClInclude Include="model\Projectile.h">
      <Filter>Header Files\model</Filter>
    </ClInclude>
    <ClInclude Include="view\ICamera.h">
      <Filter>Header Files\view</Filter>
    </ClInclude>
    <ClInclude Include="view\CameraStrategy.h">
      <Filter>Header Files\view</Filter>
    </ClInclude>
    <ClInclude Include="model\Landscape.h">
      <Filter>Header Files\model</Filter>
    </ClInclude>
    <ClInclude Include="Plugin.h">
      <Filter>Header Files</Filter>
    </ClInclude>
    <ClInclude Include="PluginManager.h">
      <Filter>Header Files</Filter>
    </ClInclude>
    <ClInclude Include="view\ImageDecoderInterface.h">
      <Filter>Header Files\view</Filter>
    </ClInclude>
    <ClInclude Include="view\CameraFirstPerson.h">
      <Filter>Header Files\view</Filter>
    </ClInclude>
    <ClInclude Include="model\Bounding.h">
      <Filter>Header Files\model</Filter>
    </ClInclude>
    <ClInclude Include="view\ParticleTracer.h">
      <Filter>Header Files\view</Filter>
    </ClInclude>
    <ClInclude Include="view\IParticleEffecth.h">
      <Filter>Header Files\view</Filter>
    </ClInclude>
    <ClInclude Include="TranslationManager.h">
      <Filter>Header Files</Filter>
    </ClInclude>
    <ClInclude Include="Task.h">
      <Filter>Header Files</Filter>
    </ClInclude>
    <ClInclude Include="ITask.h">
      <Filter>Header Files</Filter>
    </ClInclude>
    <ClInclude Include="controller\CommandChangeGlobalProperty.h">
      <Filter>Header Files\controller\commands</Filter>
    </ClInclude>
    <ClInclude Include="controller\CommandChangeProperty.h">
      <Filter>Header Files\controller\commands</Filter>
    </ClInclude>
    <ClInclude Include="controller\CommandCompound.h">
      <Filter>Header Files\controller\commands</Filter>
    </ClInclude>
    <ClInclude Include="controller\CommandCreateObject.h">
      <Filter>Header Files\controller\commands</Filter>
    </ClInclude>
    <ClInclude Include="controller\CommandDeleteObject.h">
      <Filter>Header Files\controller\commands</Filter>
    </ClInclude>
    <ClInclude Include="controller\CommandMoveObject.h">
      <Filter>Header Files\controller\commands</Filter>
    </ClInclude>
    <ClInclude Include="controller\CommandRotateObject.h">
      <Filter>Header Files\controller\commands</Filter>
    </ClInclude>
    <ClInclude Include="controller\ICommand.h">
      <Filter>Header Files\controller\commands</Filter>
    </ClInclude>
    <ClInclude Include="controller\CommandHandler.h">
      <Filter>Header Files\controller</Filter>
    </ClInclude>
  </ItemGroup>
</Project>