
Microsoft Visual Studio Solution File, Format Version 11.00
# Visual Studio 2010
Project("{8BC9CEB8-8B4A-11D0-8D11-00A0C91BC942}") = "Bullet3Common", "Bullet3Common.vcxproj", "{E09C91F9-3ACD-5447-B0A4-618350A2E5B0}"
EndProject
Project("{8BC9CEB8-8B4A-11D0-8D11-00A0C91BC942}") = "Bullet3Geometry", "Bullet3Geometry.vcxproj", "{C4C4DDA9-849E-3646-82F2-E13BE69D3B8F}"
EndProject
Project("{8BC9CEB8-8B4A-11D0-8D11-00A0C91BC942}") = "Bullet3Collision", "Bullet3Collision.vcxproj", "{AD94881F-9186-1247-9640-E393B4B6D839}"
EndProject
Project("{8BC9CEB8-8B4A-11D0-8D11-00A0C91BC942}") = "Bullet3Dynamics", "Bullet3Dynamics.vcxproj", "{75950E3E-3594-4F49-958F-4FDD105ACD36}"
EndProject
Project("{8BC9CEB8-8B4A-11D0-8D11-00A0C91BC942}") = "Bullet3OpenCL_clew", "Bullet3OpenCL_clew.vcxproj", "{0A841F9C-CB41-1648-8F32-463C7C1D30F6}"
EndProject
Project("{8BC9CEB8-8B4A-11D0-8D11-00A0C91BC942}") = "Bullet2FileLoader", "Bullet2FileLoader.vcxproj", "{4DBA47A3-F3B0-2C4C-BCE4-533FA020108A}"
EndProject
Project("{8BC9CEB8-8B4A-11D0-8D11-00A0C91BC942}") = "HACD", "HACD.vcxproj", "{CB861A5B-7897-D347-BA47-351C72C0A607}"
EndProject
Project("{8BC9CEB8-8B4A-11D0-8D11-00A0C91BC942}") = "ConvexDecomposition", "ConvexDecomposition.vcxproj", "{4FA24510-53D0-EF49-9360-A2C3B2F37695}"
EndProject
Project("{8BC9CEB8-8B4A-11D0-8D11-00A0C91BC942}") = "BulletInverseDynamicsUtils", "BulletInverseDynamicsUtils.vcxproj", "{7F3313E7-B694-7E44-8A8D-E794FCEBB047}"
EndProject
Project("{8BC9CEB8-8B4A-11D0-8D11-00A0C91BC942}") = "BulletFileLoader", "BulletFileLoader.vcxproj", "{A7FC340B-641D-2740-8D45-813AF0FE8358}"
EndProject
Project("{8BC9CEB8-8B4A-11D0-8D11-00A0C91BC942}") = "BulletWorldImporter", "BulletWorldImporter.vcxproj", "{3087FA06-C6ED-FD4D-B0DC-01B4197DB2F2}"
EndProject
Project("{8BC9CEB8-8B4A-11D0-8D11-00A0C91BC942}") = "BulletXmlWorldImporter", "BulletXmlWorldImporter.vcxproj", "{C76AA007-0AD4-9B49-9B88-47376B2B5CC3}"
EndProject
Project("{8BC9CEB8-8B4A-11D0-8D11-00A0C91BC942}") = "App_ExampleBrowser", "App_ExampleBrowser.vcxproj", "{084E0C15-59B3-E94E-A07C-ADBCB784BC3A}"
	ProjectSection(ProjectDependencies) = postProject
		{5EF6B13C-C905-7D46-BB97-1E0B07A27F3E} = {5EF6B13C-C905-7D46-BB97-1E0B07A27F3E}
		{54CF40F2-021C-744D-9CC8-69B1B404D674} = {54CF40F2-021C-744D-9CC8-69B1B404D674}
		{D53B76BB-AE93-D344-A279-FC8A3748C92F} = {D53B76BB-AE93-D344-A279-FC8A3748C92F}
		{7F3313E7-B694-7E44-8A8D-E794FCEBB047} = {7F3313E7-B694-7E44-8A8D-E794FCEBB047}
		{EBF67C1F-E424-7B46-B13F-1A888263D047} = {EBF67C1F-E424-7B46-B13F-1A888263D047}
		{6C3AD969-E349-6744-AC43-B9C86102A745} = {6C3AD969-E349-6744-AC43-B9C86102A745}
		{51155A97-5122-7748-82EE-B5EB729A7104} = {51155A97-5122-7748-82EE-B5EB729A7104}
		{E57AFBBF-8C5B-4D44-973D-D304DC6245C8} = {E57AFBBF-8C5B-4D44-973D-D304DC6245C8}
		{E09C91F9-3ACD-5447-B0A4-618350A2E5B0} = {E09C91F9-3ACD-5447-B0A4-618350A2E5B0}
		{0A841F9C-CB41-1648-8F32-463C7C1D30F6} = {0A841F9C-CB41-1648-8F32-463C7C1D30F6}
		{75950E3E-3594-4F49-958F-4FDD105ACD36} = {75950E3E-3594-4F49-958F-4FDD105ACD36}
		{AD94881F-9186-1247-9640-E393B4B6D839} = {AD94881F-9186-1247-9640-E393B4B6D839}
		{C4C4DDA9-849E-3646-82F2-E13BE69D3B8F} = {C4C4DDA9-849E-3646-82F2-E13BE69D3B8F}
	EndProjectSection
EndProject
Project("{8BC9CEB8-8B4A-11D0-8D11-00A0C91BC942}") = "OpenGL_Window", "OpenGL_Window.vcxproj", "{54CF40F2-021C-744D-9CC8-69B1B404D674}"
EndProject
Project("{8BC9CEB8-8B4A-11D0-8D11-00A0C91BC942}") = "gwen", "gwen.vcxproj", "{5EF6B13C-C905-7D46-BB97-1E0B07A27F3E}"
EndProject
Project("{8BC9CEB8-8B4A-11D0-8D11-00A0C91BC942}") = "App_HelloWorld", "App_HelloWorld.vcxproj", "{5262B71E-58AF-AD4B-B4B3-AD916C49029B}"
	ProjectSection(ProjectDependencies) = postProject
		{6C3AD969-E349-6744-AC43-B9C86102A745} = {6C3AD969-E349-6744-AC43-B9C86102A745}
		{51155A97-5122-7748-82EE-B5EB729A7104} = {51155A97-5122-7748-82EE-B5EB729A7104}
		{E57AFBBF-8C5B-4D44-973D-D304DC6245C8} = {E57AFBBF-8C5B-4D44-973D-D304DC6245C8}
	EndProjectSection
EndProject
Project("{8BC9CEB8-8B4A-11D0-8D11-00A0C91BC942}") = "App_BasicExample", "App_BasicExample.vcxproj", "{126A2BF5-BC17-FD43-B336-C0785368B02E}"
	ProjectSection(ProjectDependencies) = postProject
		{6C3AD969-E349-6744-AC43-B9C86102A745} = {6C3AD969-E349-6744-AC43-B9C86102A745}
		{51155A97-5122-7748-82EE-B5EB729A7104} = {51155A97-5122-7748-82EE-B5EB729A7104}
		{E57AFBBF-8C5B-4D44-973D-D304DC6245C8} = {E57AFBBF-8C5B-4D44-973D-D304DC6245C8}
	EndProjectSection
EndProject
Project("{8BC9CEB8-8B4A-11D0-8D11-00A0C91BC942}") = "App_SharedMemoryPhysics", "App_SharedMemoryPhysics.vcxproj", "{43222A23-7400-2640-AD70-A81034C297AA}"
	ProjectSection(ProjectDependencies) = postProject
		{E09C91F9-3ACD-5447-B0A4-618350A2E5B0} = {E09C91F9-3ACD-5447-B0A4-618350A2E5B0}
		{6C3AD969-E349-6744-AC43-B9C86102A745} = {6C3AD969-E349-6744-AC43-B9C86102A745}
		{51155A97-5122-7748-82EE-B5EB729A7104} = {51155A97-5122-7748-82EE-B5EB729A7104}
		{E57AFBBF-8C5B-4D44-973D-D304DC6245C8} = {E57AFBBF-8C5B-4D44-973D-D304DC6245C8}
	EndProjectSection
EndProject
Project("{8BC9CEB8-8B4A-11D0-8D11-00A0C91BC942}") = "App_ThreadingTest", "App_ThreadingTest.vcxproj", "{C8ECDFFA-85CD-F34C-9178-EC32792FAC20}"
	ProjectSection(ProjectDependencies) = postProject
		{E09C91F9-3ACD-5447-B0A4-618350A2E5B0} = {E09C91F9-3ACD-5447-B0A4-618350A2E5B0}
	EndProjectSection
EndProject
Project("{8BC9CEB8-8B4A-11D0-8D11-00A0C91BC942}") = "Test_SharedMemoryPhysicsClient", "Test_SharedMemoryPhysicsClient.vcxproj", "{CA45938C-9EDC-A04C-9110-F618A1C1CD13}"
	ProjectSection(ProjectDependencies) = postProject
		{A7FC340B-641D-2740-8D45-813AF0FE8358} = {A7FC340B-641D-2740-8D45-813AF0FE8358}
		{E09C91F9-3ACD-5447-B0A4-618350A2E5B0} = {E09C91F9-3ACD-5447-B0A4-618350A2E5B0}
		{E57AFBBF-8C5B-4D44-973D-D304DC6245C8} = {E57AFBBF-8C5B-4D44-973D-D304DC6245C8}
	EndProjectSection
EndProject
Project("{8BC9CEB8-8B4A-11D0-8D11-00A0C91BC942}") = "Test_PhysicsServerLoopBack", "Test_PhysicsServerLoopBack.vcxproj", "{B931C2BA-EBDF-5B4B-8CFE-96BEBD9FD6EF}"
	ProjectSection(ProjectDependencies) = postProject
		{A7FC340B-641D-2740-8D45-813AF0FE8358} = {A7FC340B-641D-2740-8D45-813AF0FE8358}
		{3087FA06-C6ED-FD4D-B0DC-01B4197DB2F2} = {3087FA06-C6ED-FD4D-B0DC-01B4197DB2F2}
		{E09C91F9-3ACD-5447-B0A4-618350A2E5B0} = {E09C91F9-3ACD-5447-B0A4-618350A2E5B0}
		{6C3AD969-E349-6744-AC43-B9C86102A745} = {6C3AD969-E349-6744-AC43-B9C86102A745}
		{51155A97-5122-7748-82EE-B5EB729A7104} = {51155A97-5122-7748-82EE-B5EB729A7104}
		{E57AFBBF-8C5B-4D44-973D-D304DC6245C8} = {E57AFBBF-8C5B-4D44-973D-D304DC6245C8}
	EndProjectSection
EndProject
Project("{8BC9CEB8-8B4A-11D0-8D11-00A0C91BC942}") = "Test_PhysicsServerDirect", "Test_PhysicsServerDirect.vcxproj", "{8AED8255-0DCD-E74B-998D-A20D1D8DE3A8}"
	ProjectSection(ProjectDependencies) = postProject
		{A7FC340B-641D-2740-8D45-813AF0FE8358} = {A7FC340B-641D-2740-8D45-813AF0FE8358}
		{3087FA06-C6ED-FD4D-B0DC-01B4197DB2F2} = {3087FA06-C6ED-FD4D-B0DC-01B4197DB2F2}
		{E09C91F9-3ACD-5447-B0A4-618350A2E5B0} = {E09C91F9-3ACD-5447-B0A4-618350A2E5B0}
		{6C3AD969-E349-6744-AC43-B9C86102A745} = {6C3AD969-E349-6744-AC43-B9C86102A745}
		{51155A97-5122-7748-82EE-B5EB729A7104} = {51155A97-5122-7748-82EE-B5EB729A7104}
		{E57AFBBF-8C5B-4D44-973D-D304DC6245C8} = {E57AFBBF-8C5B-4D44-973D-D304DC6245C8}
	EndProjectSection
EndProject
Project("{8BC9CEB8-8B4A-11D0-8D11-00A0C91BC942}") = "Test_LinearMath", "Test_LinearMath.vcxproj", "{A488CCBD-8D5C-F14E-ABEE-0DB72674963F}"
	ProjectSection(ProjectDependencies) = postProject
		{6C3AD969-E349-6744-AC43-B9C86102A745} = {6C3AD969-E349-6744-AC43-B9C86102A745}
		{51155A97-5122-7748-82EE-B5EB729A7104} = {51155A97-5122-7748-82EE-B5EB729A7104}
		{E57AFBBF-8C5B-4D44-973D-D304DC6245C8} = {E57AFBBF-8C5B-4D44-973D-D304DC6245C8}
	EndProjectSection
EndProject
Project("{8BC9CEB8-8B4A-11D0-8D11-00A0C91BC942}") = "gtest", "gtest.vcxproj", "{11AC1222-F372-2940-920E-42A3743DC2F4}"
EndProject
Project("{8BC9CEB8-8B4A-11D0-8D11-00A0C91BC942}") = "Test_BulletCollision", "Test_BulletCollision.vcxproj", "{F0984F58-B5DD-CC42-A245-5A9296FAD78F}"
	ProjectSection(ProjectDependencies) = postProject
		{E57AFBBF-8C5B-4D44-973D-D304DC6245C8} = {E57AFBBF-8C5B-4D44-973D-D304DC6245C8}
		{11AC1222-F372-2940-920E-42A3743DC2F4} = {11AC1222-F372-2940-920E-42A3743DC2F4}
	EndProjectSection
EndProject
Project("{8BC9CEB8-8B4A-11D0-8D11-00A0C91BC942}") = "Test_BulletDynamics", "Test_BulletDynamics.vcxproj", "{C25904C4-569B-C642-A013-A68135812521}"
	ProjectSection(ProjectDependencies) = postProject
		{6C3AD969-E349-6744-AC43-B9C86102A745} = {6C3AD969-E349-6744-AC43-B9C86102A745}
		{51155A97-5122-7748-82EE-B5EB729A7104} = {51155A97-5122-7748-82EE-B5EB729A7104}
		{E57AFBBF-8C5B-4D44-973D-D304DC6245C8} = {E57AFBBF-8C5B-4D44-973D-D304DC6245C8}
		{11AC1222-F372-2940-920E-42A3743DC2F4} = {11AC1222-F372-2940-920E-42A3743DC2F4}
	EndProjectSection
EndProject
Project("{8BC9CEB8-8B4A-11D0-8D11-00A0C91BC942}") = "Test_InverseDynamicsKinematics", "Test_InverseDynamicsKinematics.vcxproj", "{EF116F95-73A5-E44B-B264-F40F398229DB}"
	ProjectSection(ProjectDependencies) = postProject
		{7F3313E7-B694-7E44-8A8D-E794FCEBB047} = {7F3313E7-B694-7E44-8A8D-E794FCEBB047}
		{EBF67C1F-E424-7B46-B13F-1A888263D047} = {EBF67C1F-E424-7B46-B13F-1A888263D047}
		{E09C91F9-3ACD-5447-B0A4-618350A2E5B0} = {E09C91F9-3ACD-5447-B0A4-618350A2E5B0}
		{E57AFBBF-8C5B-4D44-973D-D304DC6245C8} = {E57AFBBF-8C5B-4D44-973D-D304DC6245C8}
		{11AC1222-F372-2940-920E-42A3743DC2F4} = {11AC1222-F372-2940-920E-42A3743DC2F4}
	EndProjectSection
EndProject
Project("{8BC9CEB8-8B4A-11D0-8D11-00A0C91BC942}") = "Test_InverseForwardDynamics", "Test_InverseForwardDynamics.vcxproj", "{E46E4399-FB5B-2B4E-B9E4-D3494F54E64A}"
	ProjectSection(ProjectDependencies) = postProject
		{6C3AD969-E349-6744-AC43-B9C86102A745} = {6C3AD969-E349-6744-AC43-B9C86102A745}
		{51155A97-5122-7748-82EE-B5EB729A7104} = {51155A97-5122-7748-82EE-B5EB729A7104}
		{7F3313E7-B694-7E44-8A8D-E794FCEBB047} = {7F3313E7-B694-7E44-8A8D-E794FCEBB047}
		{EBF67C1F-E424-7B46-B13F-1A888263D047} = {EBF67C1F-E424-7B46-B13F-1A888263D047}
		{E09C91F9-3ACD-5447-B0A4-618350A2E5B0} = {E09C91F9-3ACD-5447-B0A4-618350A2E5B0}
		{E57AFBBF-8C5B-4D44-973D-D304DC6245C8} = {E57AFBBF-8C5B-4D44-973D-D304DC6245C8}
		{11AC1222-F372-2940-920E-42A3743DC2F4} = {11AC1222-F372-2940-920E-42A3743DC2F4}
	EndProjectSection
EndProject
Project("{8BC9CEB8-8B4A-11D0-8D11-00A0C91BC942}") = "Test_OpenCL_Bullet3", "Test_OpenCL_Bullet3.vcxproj", "{325972B3-9F6D-724C-8456-BFFC2700107F}"
	ProjectSection(ProjectDependencies) = postProject
		{11AC1222-F372-2940-920E-42A3743DC2F4} = {11AC1222-F372-2940-920E-42A3743DC2F4}
		{0A841F9C-CB41-1648-8F32-463C7C1D30F6} = {0A841F9C-CB41-1648-8F32-463C7C1D30F6}
		{E09C91F9-3ACD-5447-B0A4-618350A2E5B0} = {E09C91F9-3ACD-5447-B0A4-618350A2E5B0}
	EndProjectSection
EndProject
Project("{8BC9CEB8-8B4A-11D0-8D11-00A0C91BC942}") = "Test_Gwen_OpenGL", "Test_Gwen_OpenGL.vcxproj", "{610D1281-D5B7-DC4E-AC1D-CF1981E436EE}"
	ProjectSection(ProjectDependencies) = postProject
		{5EF6B13C-C905-7D46-BB97-1E0B07A27F3E} = {5EF6B13C-C905-7D46-BB97-1E0B07A27F3E}
	EndProjectSection
EndProject
Project("{8BC9CEB8-8B4A-11D0-8D11-00A0C91BC942}") = "BulletInverseDynamics", "BulletInverseDynamics.vcxproj", "{EBF67C1F-E424-7B46-B13F-1A888263D047}"
EndProject
Project("{8BC9CEB8-8B4A-11D0-8D11-00A0C91BC942}") = "BulletSoftBody", "BulletSoftBody.vcxproj", "{D53B76BB-AE93-D344-A279-FC8A3748C92F}"
EndProject
Project("{8BC9CEB8-8B4A-11D0-8D11-00A0C91BC942}") = "BulletDynamics", "BulletDynamics.vcxproj", "{6C3AD969-E349-6744-AC43-B9C86102A745}"
EndProject
Project("{8BC9CEB8-8B4A-11D0-8D11-00A0C91BC942}") = "BulletCollision", "BulletCollision.vcxproj", "{51155A97-5122-7748-82EE-B5EB729A7104}"
EndProject
Project("{8BC9CEB8-8B4A-11D0-8D11-00A0C91BC942}") = "LinearMath", "LinearMath.vcxproj", "{E57AFBBF-8C5B-4D44-973D-D304DC6245C8}"
EndProject
Global
	GlobalSection(SolutionConfigurationPlatforms) = preSolution
		Release|Win32 = Release|Win32
		Release|x64 = Release|x64
		Debug|Win32 = Debug|Win32
		Debug|x64 = Debug|x64
	EndGlobalSection
	GlobalSection(ProjectConfigurationPlatforms) = postSolution
		{E09C91F9-3ACD-5447-B0A4-618350A2E5B0}.Release|Win32.ActiveCfg = Release|Win32
		{E09C91F9-3ACD-5447-B0A4-618350A2E5B0}.Release|Win32.Build.0 = Release|Win32
		{E09C91F9-3ACD-5447-B0A4-618350A2E5B0}.Release|x64.ActiveCfg = Release|x64
		{E09C91F9-3ACD-5447-B0A4-618350A2E5B0}.Release|x64.Build.0 = Release|x64
		{E09C91F9-3ACD-5447-B0A4-618350A2E5B0}.Debug|Win32.ActiveCfg = Debug|Win32
		{E09C91F9-3ACD-5447-B0A4-618350A2E5B0}.Debug|Win32.Build.0 = Debug|Win32
		{E09C91F9-3ACD-5447-B0A4-618350A2E5B0}.Debug|x64.ActiveCfg = Debug|x64
		{E09C91F9-3ACD-5447-B0A4-618350A2E5B0}.Debug|x64.Build.0 = Debug|x64
		{C4C4DDA9-849E-3646-82F2-E13BE69D3B8F}.Release|Win32.ActiveCfg = Release|Win32
		{C4C4DDA9-849E-3646-82F2-E13BE69D3B8F}.Release|Win32.Build.0 = Release|Win32
		{C4C4DDA9-849E-3646-82F2-E13BE69D3B8F}.Release|x64.ActiveCfg = Release|x64
		{C4C4DDA9-849E-3646-82F2-E13BE69D3B8F}.Release|x64.Build.0 = Release|x64
		{C4C4DDA9-849E-3646-82F2-E13BE69D3B8F}.Debug|Win32.ActiveCfg = Debug|Win32
		{C4C4DDA9-849E-3646-82F2-E13BE69D3B8F}.Debug|Win32.Build.0 = Debug|Win32
		{C4C4DDA9-849E-3646-82F2-E13BE69D3B8F}.Debug|x64.ActiveCfg = Debug|x64
		{C4C4DDA9-849E-3646-82F2-E13BE69D3B8F}.Debug|x64.Build.0 = Debug|x64
		{AD94881F-9186-1247-9640-E393B4B6D839}.Release|Win32.ActiveCfg = Release|Win32
		{AD94881F-9186-1247-9640-E393B4B6D839}.Release|Win32.Build.0 = Release|Win32
		{AD94881F-9186-1247-9640-E393B4B6D839}.Release|x64.ActiveCfg = Release|x64
		{AD94881F-9186-1247-9640-E393B4B6D839}.Release|x64.Build.0 = Release|x64
		{AD94881F-9186-1247-9640-E393B4B6D839}.Debug|Win32.ActiveCfg = Debug|Win32
		{AD94881F-9186-1247-9640-E393B4B6D839}.Debug|Win32.Build.0 = Debug|Win32
		{AD94881F-9186-1247-9640-E393B4B6D839}.Debug|x64.ActiveCfg = Debug|x64
		{AD94881F-9186-1247-9640-E393B4B6D839}.Debug|x64.Build.0 = Debug|x64
		{75950E3E-3594-4F49-958F-4FDD105ACD36}.Release|Win32.ActiveCfg = Release|Win32
		{75950E3E-3594-4F49-958F-4FDD105ACD36}.Release|Win32.Build.0 = Release|Win32
		{75950E3E-3594-4F49-958F-4FDD105ACD36}.Release|x64.ActiveCfg = Release|x64
		{75950E3E-3594-4F49-958F-4FDD105ACD36}.Release|x64.Build.0 = Release|x64
		{75950E3E-3594-4F49-958F-4FDD105ACD36}.Debug|Win32.ActiveCfg = Debug|Win32
		{75950E3E-3594-4F49-958F-4FDD105ACD36}.Debug|Win32.Build.0 = Debug|Win32
		{75950E3E-3594-4F49-958F-4FDD105ACD36}.Debug|x64.ActiveCfg = Debug|x64
		{75950E3E-3594-4F49-958F-4FDD105ACD36}.Debug|x64.Build.0 = Debug|x64
		{0A841F9C-CB41-1648-8F32-463C7C1D30F6}.Release|Win32.ActiveCfg = Release|Win32
		{0A841F9C-CB41-1648-8F32-463C7C1D30F6}.Release|Win32.Build.0 = Release|Win32
		{0A841F9C-CB41-1648-8F32-463C7C1D30F6}.Release|x64.ActiveCfg = Release|x64
		{0A841F9C-CB41-1648-8F32-463C7C1D30F6}.Release|x64.Build.0 = Release|x64
		{0A841F9C-CB41-1648-8F32-463C7C1D30F6}.Debug|Win32.ActiveCfg = Debug|Win32
		{0A841F9C-CB41-1648-8F32-463C7C1D30F6}.Debug|Win32.Build.0 = Debug|Win32
		{0A841F9C-CB41-1648-8F32-463C7C1D30F6}.Debug|x64.ActiveCfg = Debug|x64
		{0A841F9C-CB41-1648-8F32-463C7C1D30F6}.Debug|x64.Build.0 = Debug|x64
		{4DBA47A3-F3B0-2C4C-BCE4-533FA020108A}.Release|Win32.ActiveCfg = Release|Win32
		{4DBA47A3-F3B0-2C4C-BCE4-533FA020108A}.Release|Win32.Build.0 = Release|Win32
		{4DBA47A3-F3B0-2C4C-BCE4-533FA020108A}.Release|x64.ActiveCfg = Release|x64
		{4DBA47A3-F3B0-2C4C-BCE4-533FA020108A}.Release|x64.Build.0 = Release|x64
		{4DBA47A3-F3B0-2C4C-BCE4-533FA020108A}.Debug|Win32.ActiveCfg = Debug|Win32
		{4DBA47A3-F3B0-2C4C-BCE4-533FA020108A}.Debug|Win32.Build.0 = Debug|Win32
		{4DBA47A3-F3B0-2C4C-BCE4-533FA020108A}.Debug|x64.ActiveCfg = Debug|x64
		{4DBA47A3-F3B0-2C4C-BCE4-533FA020108A}.Debug|x64.Build.0 = Debug|x64
		{CB861A5B-7897-D347-BA47-351C72C0A607}.Release|Win32.ActiveCfg = Release|Win32
		{CB861A5B-7897-D347-BA47-351C72C0A607}.Release|Win32.Build.0 = Release|Win32
		{CB861A5B-7897-D347-BA47-351C72C0A607}.Release|x64.ActiveCfg = Release|x64
		{CB861A5B-7897-D347-BA47-351C72C0A607}.Release|x64.Build.0 = Release|x64
		{CB861A5B-7897-D347-BA47-351C72C0A607}.Debug|Win32.ActiveCfg = Debug|Win32
		{CB861A5B-7897-D347-BA47-351C72C0A607}.Debug|Win32.Build.0 = Debug|Win32
		{CB861A5B-7897-D347-BA47-351C72C0A607}.Debug|x64.ActiveCfg = Debug|x64
		{CB861A5B-7897-D347-BA47-351C72C0A607}.Debug|x64.Build.0 = Debug|x64
		{4FA24510-53D0-EF49-9360-A2C3B2F37695}.Release|Win32.ActiveCfg = Release|Win32
		{4FA24510-53D0-EF49-9360-A2C3B2F37695}.Release|Win32.Build.0 = Release|Win32
		{4FA24510-53D0-EF49-9360-A2C3B2F37695}.Release|x64.ActiveCfg = Release|x64
		{4FA24510-53D0-EF49-9360-A2C3B2F37695}.Release|x64.Build.0 = Release|x64
		{4FA24510-53D0-EF49-9360-A2C3B2F37695}.Debug|Win32.ActiveCfg = Debug|Win32
		{4FA24510-53D0-EF49-9360-A2C3B2F37695}.Debug|Win32.Build.0 = Debug|Win32
		{4FA24510-53D0-EF49-9360-A2C3B2F37695}.Debug|x64.ActiveCfg = Debug|x64
		{4FA24510-53D0-EF49-9360-A2C3B2F37695}.Debug|x64.Build.0 = Debug|x64
		{7F3313E7-B694-7E44-8A8D-E794FCEBB047}.Release|Win32.ActiveCfg = Release|Win32
		{7F3313E7-B694-7E44-8A8D-E794FCEBB047}.Release|Win32.Build.0 = Release|Win32
		{7F3313E7-B694-7E44-8A8D-E794FCEBB047}.Release|x64.ActiveCfg = Release|x64
		{7F3313E7-B694-7E44-8A8D-E794FCEBB047}.Release|x64.Build.0 = Release|x64
		{7F3313E7-B694-7E44-8A8D-E794FCEBB047}.Debug|Win32.ActiveCfg = Debug|Win32
		{7F3313E7-B694-7E44-8A8D-E794FCEBB047}.Debug|Win32.Build.0 = Debug|Win32
		{7F3313E7-B694-7E44-8A8D-E794FCEBB047}.Debug|x64.ActiveCfg = Debug|x64
		{7F3313E7-B694-7E44-8A8D-E794FCEBB047}.Debug|x64.Build.0 = Debug|x64
		{A7FC340B-641D-2740-8D45-813AF0FE8358}.Release|Win32.ActiveCfg = Release|Win32
		{A7FC340B-641D-2740-8D45-813AF0FE8358}.Release|Win32.Build.0 = Release|Win32
		{A7FC340B-641D-2740-8D45-813AF0FE8358}.Release|x64.ActiveCfg = Release|x64
		{A7FC340B-641D-2740-8D45-813AF0FE8358}.Release|x64.Build.0 = Release|x64
		{A7FC340B-641D-2740-8D45-813AF0FE8358}.Debug|Win32.ActiveCfg = Debug|Win32
		{A7FC340B-641D-2740-8D45-813AF0FE8358}.Debug|Win32.Build.0 = Debug|Win32
		{A7FC340B-641D-2740-8D45-813AF0FE8358}.Debug|x64.ActiveCfg = Debug|x64
		{A7FC340B-641D-2740-8D45-813AF0FE8358}.Debug|x64.Build.0 = Debug|x64
		{3087FA06-C6ED-FD4D-B0DC-01B4197DB2F2}.Release|Win32.ActiveCfg = Release|Win32
		{3087FA06-C6ED-FD4D-B0DC-01B4197DB2F2}.Release|Win32.Build.0 = Release|Win32
		{3087FA06-C6ED-FD4D-B0DC-01B4197DB2F2}.Release|x64.ActiveCfg = Release|x64
		{3087FA06-C6ED-FD4D-B0DC-01B4197DB2F2}.Release|x64.Build.0 = Release|x64
		{3087FA06-C6ED-FD4D-B0DC-01B4197DB2F2}.Debug|Win32.ActiveCfg = Debug|Win32
		{3087FA06-C6ED-FD4D-B0DC-01B4197DB2F2}.Debug|Win32.Build.0 = Debug|Win32
		{3087FA06-C6ED-FD4D-B0DC-01B4197DB2F2}.Debug|x64.ActiveCfg = Debug|x64
		{3087FA06-C6ED-FD4D-B0DC-01B4197DB2F2}.Debug|x64.Build.0 = Debug|x64
		{C76AA007-0AD4-9B49-9B88-47376B2B5CC3}.Release|Win32.ActiveCfg = Release|Win32
		{C76AA007-0AD4-9B49-9B88-47376B2B5CC3}.Release|Win32.Build.0 = Release|Win32
		{C76AA007-0AD4-9B49-9B88-47376B2B5CC3}.Release|x64.ActiveCfg = Release|x64
		{C76AA007-0AD4-9B49-9B88-47376B2B5CC3}.Release|x64.Build.0 = Release|x64
		{C76AA007-0AD4-9B49-9B88-47376B2B5CC3}.Debug|Win32.ActiveCfg = Debug|Win32
		{C76AA007-0AD4-9B49-9B88-47376B2B5CC3}.Debug|Win32.Build.0 = Debug|Win32
		{C76AA007-0AD4-9B49-9B88-47376B2B5CC3}.Debug|x64.ActiveCfg = Debug|x64
		{C76AA007-0AD4-9B49-9B88-47376B2B5CC3}.Debug|x64.Build.0 = Debug|x64
		{084E0C15-59B3-E94E-A07C-ADBCB784BC3A}.Release|Win32.ActiveCfg = Release|Win32
		{084E0C15-59B3-E94E-A07C-ADBCB784BC3A}.Release|Win32.Build.0 = Release|Win32
		{084E0C15-59B3-E94E-A07C-ADBCB784BC3A}.Release|x64.ActiveCfg = Release|x64
		{084E0C15-59B3-E94E-A07C-ADBCB784BC3A}.Release|x64.Build.0 = Release|x64
		{084E0C15-59B3-E94E-A07C-ADBCB784BC3A}.Debug|Win32.ActiveCfg = Debug|Win32
		{084E0C15-59B3-E94E-A07C-ADBCB784BC3A}.Debug|Win32.Build.0 = Debug|Win32
		{084E0C15-59B3-E94E-A07C-ADBCB784BC3A}.Debug|x64.ActiveCfg = Debug|x64
		{084E0C15-59B3-E94E-A07C-ADBCB784BC3A}.Debug|x64.Build.0 = Debug|x64
		{54CF40F2-021C-744D-9CC8-69B1B404D674}.Release|Win32.ActiveCfg = Release|Win32
		{54CF40F2-021C-744D-9CC8-69B1B404D674}.Release|Win32.Build.0 = Release|Win32
		{54CF40F2-021C-744D-9CC8-69B1B404D674}.Release|x64.ActiveCfg = Release|x64
		{54CF40F2-021C-744D-9CC8-69B1B404D674}.Release|x64.Build.0 = Release|x64
		{54CF40F2-021C-744D-9CC8-69B1B404D674}.Debug|Win32.ActiveCfg = Debug|Win32
		{54CF40F2-021C-744D-9CC8-69B1B404D674}.Debug|Win32.Build.0 = Debug|Win32
		{54CF40F2-021C-744D-9CC8-69B1B404D674}.Debug|x64.ActiveCfg = Debug|x64
		{54CF40F2-021C-744D-9CC8-69B1B404D674}.Debug|x64.Build.0 = Debug|x64
		{5EF6B13C-C905-7D46-BB97-1E0B07A27F3E}.Release|Win32.ActiveCfg = Release|Win32
		{5EF6B13C-C905-7D46-BB97-1E0B07A27F3E}.Release|Win32.Build.0 = Release|Win32
		{5EF6B13C-C905-7D46-BB97-1E0B07A27F3E}.Release|x64.ActiveCfg = Release|x64
		{5EF6B13C-C905-7D46-BB97-1E0B07A27F3E}.Release|x64.Build.0 = Release|x64
		{5EF6B13C-C905-7D46-BB97-1E0B07A27F3E}.Debug|Win32.ActiveCfg = Debug|Win32
		{5EF6B13C-C905-7D46-BB97-1E0B07A27F3E}.Debug|Win32.Build.0 = Debug|Win32
		{5EF6B13C-C905-7D46-BB97-1E0B07A27F3E}.Debug|x64.ActiveCfg = Debug|x64
		{5EF6B13C-C905-7D46-BB97-1E0B07A27F3E}.Debug|x64.Build.0 = Debug|x64
		{5262B71E-58AF-AD4B-B4B3-AD916C49029B}.Release|Win32.ActiveCfg = Release|Win32
		{5262B71E-58AF-AD4B-B4B3-AD916C49029B}.Release|Win32.Build.0 = Release|Win32
		{5262B71E-58AF-AD4B-B4B3-AD916C49029B}.Release|x64.ActiveCfg = Release|x64
		{5262B71E-58AF-AD4B-B4B3-AD916C49029B}.Release|x64.Build.0 = Release|x64
		{5262B71E-58AF-AD4B-B4B3-AD916C49029B}.Debug|Win32.ActiveCfg = Debug|Win32
		{5262B71E-58AF-AD4B-B4B3-AD916C49029B}.Debug|Win32.Build.0 = Debug|Win32
		{5262B71E-58AF-AD4B-B4B3-AD916C49029B}.Debug|x64.ActiveCfg = Debug|x64
		{5262B71E-58AF-AD4B-B4B3-AD916C49029B}.Debug|x64.Build.0 = Debug|x64
		{126A2BF5-BC17-FD43-B336-C0785368B02E}.Release|Win32.ActiveCfg = Release|Win32
		{126A2BF5-BC17-FD43-B336-C0785368B02E}.Release|Win32.Build.0 = Release|Win32
		{126A2BF5-BC17-FD43-B336-C0785368B02E}.Release|x64.ActiveCfg = Release|x64
		{126A2BF5-BC17-FD43-B336-C0785368B02E}.Release|x64.Build.0 = Release|x64
		{126A2BF5-BC17-FD43-B336-C0785368B02E}.Debug|Win32.ActiveCfg = Debug|Win32
		{126A2BF5-BC17-FD43-B336-C0785368B02E}.Debug|Win32.Build.0 = Debug|Win32
		{126A2BF5-BC17-FD43-B336-C0785368B02E}.Debug|x64.ActiveCfg = Debug|x64
		{126A2BF5-BC17-FD43-B336-C0785368B02E}.Debug|x64.Build.0 = Debug|x64
		{43222A23-7400-2640-AD70-A81034C297AA}.Release|Win32.ActiveCfg = Release|Win32
		{43222A23-7400-2640-AD70-A81034C297AA}.Release|Win32.Build.0 = Release|Win32
		{43222A23-7400-2640-AD70-A81034C297AA}.Release|x64.ActiveCfg = Release|x64
		{43222A23-7400-2640-AD70-A81034C297AA}.Release|x64.Build.0 = Release|x64
		{43222A23-7400-2640-AD70-A81034C297AA}.Debug|Win32.ActiveCfg = Debug|Win32
		{43222A23-7400-2640-AD70-A81034C297AA}.Debug|Win32.Build.0 = Debug|Win32
		{43222A23-7400-2640-AD70-A81034C297AA}.Debug|x64.ActiveCfg = Debug|x64
		{43222A23-7400-2640-AD70-A81034C297AA}.Debug|x64.Build.0 = Debug|x64
		{C8ECDFFA-85CD-F34C-9178-EC32792FAC20}.Release|Win32.ActiveCfg = Release|Win32
		{C8ECDFFA-85CD-F34C-9178-EC32792FAC20}.Release|Win32.Build.0 = Release|Win32
		{C8ECDFFA-85CD-F34C-9178-EC32792FAC20}.Release|x64.ActiveCfg = Release|x64
		{C8ECDFFA-85CD-F34C-9178-EC32792FAC20}.Release|x64.Build.0 = Release|x64
		{C8ECDFFA-85CD-F34C-9178-EC32792FAC20}.Debug|Win32.ActiveCfg = Debug|Win32
		{C8ECDFFA-85CD-F34C-9178-EC32792FAC20}.Debug|Win32.Build.0 = Debug|Win32
		{C8ECDFFA-85CD-F34C-9178-EC32792FAC20}.Debug|x64.ActiveCfg = Debug|x64
		{C8ECDFFA-85CD-F34C-9178-EC32792FAC20}.Debug|x64.Build.0 = Debug|x64
		{CA45938C-9EDC-A04C-9110-F618A1C1CD13}.Release|Win32.ActiveCfg = Release|Win32
		{CA45938C-9EDC-A04C-9110-F618A1C1CD13}.Release|Win32.Build.0 = Release|Win32
		{CA45938C-9EDC-A04C-9110-F618A1C1CD13}.Release|x64.ActiveCfg = Release|x64
		{CA45938C-9EDC-A04C-9110-F618A1C1CD13}.Release|x64.Build.0 = Release|x64
		{CA45938C-9EDC-A04C-9110-F618A1C1CD13}.Debug|Win32.ActiveCfg = Debug|Win32
		{CA45938C-9EDC-A04C-9110-F618A1C1CD13}.Debug|Win32.Build.0 = Debug|Win32
		{CA45938C-9EDC-A04C-9110-F618A1C1CD13}.Debug|x64.ActiveCfg = Debug|x64
		{CA45938C-9EDC-A04C-9110-F618A1C1CD13}.Debug|x64.Build.0 = Debug|x64
		{B931C2BA-EBDF-5B4B-8CFE-96BEBD9FD6EF}.Release|Win32.ActiveCfg = Release|Win32
		{B931C2BA-EBDF-5B4B-8CFE-96BEBD9FD6EF}.Release|Win32.Build.0 = Release|Win32
		{B931C2BA-EBDF-5B4B-8CFE-96BEBD9FD6EF}.Release|x64.ActiveCfg = Release|x64
		{B931C2BA-EBDF-5B4B-8CFE-96BEBD9FD6EF}.Release|x64.Build.0 = Release|x64
		{B931C2BA-EBDF-5B4B-8CFE-96BEBD9FD6EF}.Debug|Win32.ActiveCfg = Debug|Win32
		{B931C2BA-EBDF-5B4B-8CFE-96BEBD9FD6EF}.Debug|Win32.Build.0 = Debug|Win32
		{B931C2BA-EBDF-5B4B-8CFE-96BEBD9FD6EF}.Debug|x64.ActiveCfg = Debug|x64
		{B931C2BA-EBDF-5B4B-8CFE-96BEBD9FD6EF}.Debug|x64.Build.0 = Debug|x64
		{8AED8255-0DCD-E74B-998D-A20D1D8DE3A8}.Release|Win32.ActiveCfg = Release|Win32
		{8AED8255-0DCD-E74B-998D-A20D1D8DE3A8}.Release|Win32.Build.0 = Release|Win32
		{8AED8255-0DCD-E74B-998D-A20D1D8DE3A8}.Release|x64.ActiveCfg = Release|x64
		{8AED8255-0DCD-E74B-998D-A20D1D8DE3A8}.Release|x64.Build.0 = Release|x64
		{8AED8255-0DCD-E74B-998D-A20D1D8DE3A8}.Debug|Win32.ActiveCfg = Debug|Win32
		{8AED8255-0DCD-E74B-998D-A20D1D8DE3A8}.Debug|Win32.Build.0 = Debug|Win32
		{8AED8255-0DCD-E74B-998D-A20D1D8DE3A8}.Debug|x64.ActiveCfg = Debug|x64
		{8AED8255-0DCD-E74B-998D-A20D1D8DE3A8}.Debug|x64.Build.0 = Debug|x64
		{A488CCBD-8D5C-F14E-ABEE-0DB72674963F}.Release|Win32.ActiveCfg = Release|Win32
		{A488CCBD-8D5C-F14E-ABEE-0DB72674963F}.Release|Win32.Build.0 = Release|Win32
		{A488CCBD-8D5C-F14E-ABEE-0DB72674963F}.Release|x64.ActiveCfg = Release|x64
		{A488CCBD-8D5C-F14E-ABEE-0DB72674963F}.Release|x64.Build.0 = Release|x64
		{A488CCBD-8D5C-F14E-ABEE-0DB72674963F}.Debug|Win32.ActiveCfg = Debug|Win32
		{A488CCBD-8D5C-F14E-ABEE-0DB72674963F}.Debug|Win32.Build.0 = Debug|Win32
		{A488CCBD-8D5C-F14E-ABEE-0DB72674963F}.Debug|x64.ActiveCfg = Debug|x64
		{A488CCBD-8D5C-F14E-ABEE-0DB72674963F}.Debug|x64.Build.0 = Debug|x64
		{11AC1222-F372-2940-920E-42A3743DC2F4}.Release|Win32.ActiveCfg = Release|Win32
		{11AC1222-F372-2940-920E-42A3743DC2F4}.Release|Win32.Build.0 = Release|Win32
		{11AC1222-F372-2940-920E-42A3743DC2F4}.Release|x64.ActiveCfg = Release|x64
		{11AC1222-F372-2940-920E-42A3743DC2F4}.Release|x64.Build.0 = Release|x64
		{11AC1222-F372-2940-920E-42A3743DC2F4}.Debug|Win32.ActiveCfg = Debug|Win32
		{11AC1222-F372-2940-920E-42A3743DC2F4}.Debug|Win32.Build.0 = Debug|Win32
		{11AC1222-F372-2940-920E-42A3743DC2F4}.Debug|x64.ActiveCfg = Debug|x64
		{11AC1222-F372-2940-920E-42A3743DC2F4}.Debug|x64.Build.0 = Debug|x64
		{F0984F58-B5DD-CC42-A245-5A9296FAD78F}.Release|Win32.ActiveCfg = Release|Win32
		{F0984F58-B5DD-CC42-A245-5A9296FAD78F}.Release|Win32.Build.0 = Release|Win32
		{F0984F58-B5DD-CC42-A245-5A9296FAD78F}.Release|x64.ActiveCfg = Release|x64
		{F0984F58-B5DD-CC42-A245-5A9296FAD78F}.Release|x64.Build.0 = Release|x64
		{F0984F58-B5DD-CC42-A245-5A9296FAD78F}.Debug|Win32.ActiveCfg = Debug|Win32
		{F0984F58-B5DD-CC42-A245-5A9296FAD78F}.Debug|Win32.Build.0 = Debug|Win32
		{F0984F58-B5DD-CC42-A245-5A9296FAD78F}.Debug|x64.ActiveCfg = Debug|x64
		{F0984F58-B5DD-CC42-A245-5A9296FAD78F}.Debug|x64.Build.0 = Debug|x64
		{C25904C4-569B-C642-A013-A68135812521}.Release|Win32.ActiveCfg = Release|Win32
		{C25904C4-569B-C642-A013-A68135812521}.Release|Win32.Build.0 = Release|Win32
		{C25904C4-569B-C642-A013-A68135812521}.Release|x64.ActiveCfg = Release|x64
		{C25904C4-569B-C642-A013-A68135812521}.Release|x64.Build.0 = Release|x64
		{C25904C4-569B-C642-A013-A68135812521}.Debug|Win32.ActiveCfg = Debug|Win32
		{C25904C4-569B-C642-A013-A68135812521}.Debug|Win32.Build.0 = Debug|Win32
		{C25904C4-569B-C642-A013-A68135812521}.Debug|x64.ActiveCfg = Debug|x64
		{C25904C4-569B-C642-A013-A68135812521}.Debug|x64.Build.0 = Debug|x64
		{EF116F95-73A5-E44B-B264-F40F398229DB}.Release|Win32.ActiveCfg = Release|Win32
		{EF116F95-73A5-E44B-B264-F40F398229DB}.Release|Win32.Build.0 = Release|Win32
		{EF116F95-73A5-E44B-B264-F40F398229DB}.Release|x64.ActiveCfg = Release|x64
		{EF116F95-73A5-E44B-B264-F40F398229DB}.Release|x64.Build.0 = Release|x64
		{EF116F95-73A5-E44B-B264-F40F398229DB}.Debug|Win32.ActiveCfg = Debug|Win32
		{EF116F95-73A5-E44B-B264-F40F398229DB}.Debug|Win32.Build.0 = Debug|Win32
		{EF116F95-73A5-E44B-B264-F40F398229DB}.Debug|x64.ActiveCfg = Debug|x64
		{EF116F95-73A5-E44B-B264-F40F398229DB}.Debug|x64.Build.0 = Debug|x64
		{E46E4399-FB5B-2B4E-B9E4-D3494F54E64A}.Release|Win32.ActiveCfg = Release|Win32
		{E46E4399-FB5B-2B4E-B9E4-D3494F54E64A}.Release|Win32.Build.0 = Release|Win32
		{E46E4399-FB5B-2B4E-B9E4-D3494F54E64A}.Release|x64.ActiveCfg = Release|x64
		{E46E4399-FB5B-2B4E-B9E4-D3494F54E64A}.Release|x64.Build.0 = Release|x64
		{E46E4399-FB5B-2B4E-B9E4-D3494F54E64A}.Debug|Win32.ActiveCfg = Debug|Win32
		{E46E4399-FB5B-2B4E-B9E4-D3494F54E64A}.Debug|Win32.Build.0 = Debug|Win32
		{E46E4399-FB5B-2B4E-B9E4-D3494F54E64A}.Debug|x64.ActiveCfg = Debug|x64
		{E46E4399-FB5B-2B4E-B9E4-D3494F54E64A}.Debug|x64.Build.0 = Debug|x64
		{325972B3-9F6D-724C-8456-BFFC2700107F}.Release|Win32.ActiveCfg = Release|Win32
		{325972B3-9F6D-724C-8456-BFFC2700107F}.Release|Win32.Build.0 = Release|Win32
		{325972B3-9F6D-724C-8456-BFFC2700107F}.Release|x64.ActiveCfg = Release|x64
		{325972B3-9F6D-724C-8456-BFFC2700107F}.Release|x64.Build.0 = Release|x64
		{325972B3-9F6D-724C-8456-BFFC2700107F}.Debug|Win32.ActiveCfg = Debug|Win32
		{325972B3-9F6D-724C-8456-BFFC2700107F}.Debug|Win32.Build.0 = Debug|Win32
		{325972B3-9F6D-724C-8456-BFFC2700107F}.Debug|x64.ActiveCfg = Debug|x64
		{325972B3-9F6D-724C-8456-BFFC2700107F}.Debug|x64.Build.0 = Debug|x64
		{610D1281-D5B7-DC4E-AC1D-CF1981E436EE}.Release|Win32.ActiveCfg = Release|Win32
		{610D1281-D5B7-DC4E-AC1D-CF1981E436EE}.Release|Win32.Build.0 = Release|Win32
		{610D1281-D5B7-DC4E-AC1D-CF1981E436EE}.Release|x64.ActiveCfg = Release|x64
		{610D1281-D5B7-DC4E-AC1D-CF1981E436EE}.Release|x64.Build.0 = Release|x64
		{610D1281-D5B7-DC4E-AC1D-CF1981E436EE}.Debug|Win32.ActiveCfg = Debug|Win32
		{610D1281-D5B7-DC4E-AC1D-CF1981E436EE}.Debug|Win32.Build.0 = Debug|Win32
		{610D1281-D5B7-DC4E-AC1D-CF1981E436EE}.Debug|x64.ActiveCfg = Debug|x64
		{610D1281-D5B7-DC4E-AC1D-CF1981E436EE}.Debug|x64.Build.0 = Debug|x64
		{EBF67C1F-E424-7B46-B13F-1A888263D047}.Release|Win32.ActiveCfg = Release|Win32
		{EBF67C1F-E424-7B46-B13F-1A888263D047}.Release|Win32.Build.0 = Release|Win32
		{EBF67C1F-E424-7B46-B13F-1A888263D047}.Release|x64.ActiveCfg = Release|x64
		{EBF67C1F-E424-7B46-B13F-1A888263D047}.Release|x64.Build.0 = Release|x64
		{EBF67C1F-E424-7B46-B13F-1A888263D047}.Debug|Win32.ActiveCfg = Debug|Win32
		{EBF67C1F-E424-7B46-B13F-1A888263D047}.Debug|Win32.Build.0 = Debug|Win32
		{EBF67C1F-E424-7B46-B13F-1A888263D047}.Debug|x64.ActiveCfg = Debug|x64
		{EBF67C1F-E424-7B46-B13F-1A888263D047}.Debug|x64.Build.0 = Debug|x64
		{D53B76BB-AE93-D344-A279-FC8A3748C92F}.Release|Win32.ActiveCfg = Release|Win32
		{D53B76BB-AE93-D344-A279-FC8A3748C92F}.Release|Win32.Build.0 = Release|Win32
		{D53B76BB-AE93-D344-A279-FC8A3748C92F}.Release|x64.ActiveCfg = Release|x64
		{D53B76BB-AE93-D344-A279-FC8A3748C92F}.Release|x64.Build.0 = Release|x64
		{D53B76BB-AE93-D344-A279-FC8A3748C92F}.Debug|Win32.ActiveCfg = Debug|Win32
		{D53B76BB-AE93-D344-A279-FC8A3748C92F}.Debug|Win32.Build.0 = Debug|Win32
		{D53B76BB-AE93-D344-A279-FC8A3748C92F}.Debug|x64.ActiveCfg = Debug|x64
		{D53B76BB-AE93-D344-A279-FC8A3748C92F}.Debug|x64.Build.0 = Debug|x64
		{6C3AD969-E349-6744-AC43-B9C86102A745}.Release|Win32.ActiveCfg = Release|Win32
		{6C3AD969-E349-6744-AC43-B9C86102A745}.Release|Win32.Build.0 = Release|Win32
		{6C3AD969-E349-6744-AC43-B9C86102A745}.Release|x64.ActiveCfg = Release|x64
		{6C3AD969-E349-6744-AC43-B9C86102A745}.Release|x64.Build.0 = Release|x64
		{6C3AD969-E349-6744-AC43-B9C86102A745}.Debug|Win32.ActiveCfg = Debug|Win32
		{6C3AD969-E349-6744-AC43-B9C86102A745}.Debug|Win32.Build.0 = Debug|Win32
		{6C3AD969-E349-6744-AC43-B9C86102A745}.Debug|x64.ActiveCfg = Debug|x64
		{6C3AD969-E349-6744-AC43-B9C86102A745}.Debug|x64.Build.0 = Debug|x64
		{51155A97-5122-7748-82EE-B5EB729A7104}.Release|Win32.ActiveCfg = Release|Win32
		{51155A97-5122-7748-82EE-B5EB729A7104}.Release|Win32.Build.0 = Release|Win32
		{51155A97-5122-7748-82EE-B5EB729A7104}.Release|x64.ActiveCfg = Release|x64
		{51155A97-5122-7748-82EE-B5EB729A7104}.Release|x64.Build.0 = Release|x64
		{51155A97-5122-7748-82EE-B5EB729A7104}.Debug|Win32.ActiveCfg = Debug|Win32
		{51155A97-5122-7748-82EE-B5EB729A7104}.Debug|Win32.Build.0 = Debug|Win32
		{51155A97-5122-7748-82EE-B5EB729A7104}.Debug|x64.ActiveCfg = Debug|x64
		{51155A97-5122-7748-82EE-B5EB729A7104}.Debug|x64.Build.0 = Debug|x64
		{E57AFBBF-8C5B-4D44-973D-D304DC6245C8}.Release|Win32.ActiveCfg = Release|Win32
		{E57AFBBF-8C5B-4D44-973D-D304DC6245C8}.Release|Win32.Build.0 = Release|Win32
		{E57AFBBF-8C5B-4D44-973D-D304DC6245C8}.Release|x64.ActiveCfg = Release|x64
		{E57AFBBF-8C5B-4D44-973D-D304DC6245C8}.Release|x64.Build.0 = Release|x64
		{E57AFBBF-8C5B-4D44-973D-D304DC6245C8}.Debug|Win32.ActiveCfg = Debug|Win32
		{E57AFBBF-8C5B-4D44-973D-D304DC6245C8}.Debug|Win32.Build.0 = Debug|Win32
		{E57AFBBF-8C5B-4D44-973D-D304DC6245C8}.Debug|x64.ActiveCfg = Debug|x64
		{E57AFBBF-8C5B-4D44-973D-D304DC6245C8}.Debug|x64.Build.0 = Debug|x64
	EndGlobalSection
	GlobalSection(SolutionProperties) = preSolution
		HideSolutionNode = FALSE
	EndGlobalSection
EndGlobal
